
Microsoft Visual Studio Solution File, Format Version 12.00
# Visual Studio 14
VisualStudioVersion = 14.0.24720.0
MinimumVisualStudioVersion = 10.0.40219.1
Project("{FAE04EC0-301F-11D3-BF4B-00C04F79EFBC}") = "MvcSolution.Infrastructure", "MvcSolution.Infrastructure\MvcSolution.Infrastructure.csproj", "{3593818E-2B60-41A8-B5BA-DE479B6A5D51}"
EndProject
Project("{FAE04EC0-301F-11D3-BF4B-00C04F79EFBC}") = "MvcSolution.Data", "MvcSolution.Data\MvcSolution.Data.csproj", "{CD0718D0-4A31-4034-8E86-1C538A2FF0AD}"
EndProject
Project("{2150E333-8FDC-42A3-9474-1A3956D46DE8}") = "MvcSolution._Tests", "MvcSolution._Tests", "{4631A604-FA46-4F53-8E72-E4BC07A91F9F}"
EndProject
Project("{FAE04EC0-301F-11D3-BF4B-00C04F79EFBC}") = "MvcSolution.Services", "MvcSolution.Services\MvcSolution.Services.csproj", "{81A7247F-F729-49B4-AB99-1B0AB09FB56E}"
EndProject
Project("{FAE04EC0-301F-11D3-BF4B-00C04F79EFBC}") = "MvcSolution.Web", "MvcSolution.Web\MvcSolution.Web.csproj", "{C87136D6-10A1-4AEA-82E6-E6A31B0362B6}"
EndProject
Project("{2150E333-8FDC-42A3-9474-1A3956D46DE8}") = "MvcSolution._Areas", "MvcSolution._Areas", "{7608C9C7-6EDF-47C0-ACF7-B3C60F910AEC}"
EndProject
Project("{2150E333-8FDC-42A3-9474-1A3956D46DE8}") = "Public", "Public", "{A8C3FB34-553C-47CC-89C0-9A5BD4D6E6BF}"
EndProject
Project("{2150E333-8FDC-42A3-9474-1A3956D46DE8}") = "Admin", "Admin", "{4641630F-F7EA-4917-9F94-8C715B5F2DC1}"
EndProject
Project("{FAE04EC0-301F-11D3-BF4B-00C04F79EFBC}") = "MvcSolution.Web.Main", "MvcSolution.Web.Main\MvcSolution.Web.Main.csproj", "{43A163FE-1F62-4AC5-8332-4462EC8308E1}"
EndProject
Project("{FAE04EC0-301F-11D3-BF4B-00C04F79EFBC}") = "MvcSolution.Services.Admin", "MvcSolution._Areas\Admin\MvcSolution.Services.Admin\MvcSolution.Services.Admin.csproj", "{B6CFE2D2-A837-4877-B130-F8E963EDEBA5}"
EndProject
Project("{FAE04EC0-301F-11D3-BF4B-00C04F79EFBC}") = "MvcSolution.Web.Admin", "MvcSolution._Areas\Admin\MvcSolution.Web.Admin\MvcSolution.Web.Admin.csproj", "{1491985F-E6DD-4A02-ACC6-5586B484747A}"
EndProject
Project("{FAE04EC0-301F-11D3-BF4B-00C04F79EFBC}") = "MvcSolution.Services.Public", "MvcSolution._Areas\Public\MvcSolution.Services.Public\MvcSolution.Services.Public.csproj", "{E8317F20-DFC3-4990-94A7-A5F728FB04EE}"
EndProject
Project("{FAE04EC0-301F-11D3-BF4B-00C04F79EFBC}") = "MvcSolution.Web.Public", "MvcSolution._Areas\Public\MvcSolution.Web.Public\MvcSolution.Web.Public.csproj", "{E3F19180-19F1-400E-B80E-0E495D83E714}"
EndProject
Project("{FAE04EC0-301F-11D3-BF4B-00C04F79EFBC}") = "MvcSolution.UnitTests", "MvcSolution._Tests\MvcSolution.UnitTests\MvcSolution.UnitTests.csproj", "{B1DAF45B-F0A9-4CC0-99BB-024F5484C1FE}"
EndProject
Global
	GlobalSection(SolutionConfigurationPlatforms) = preSolution
		Debug|Any CPU = Debug|Any CPU
		Release|Any CPU = Release|Any CPU
	EndGlobalSection
	GlobalSection(ProjectConfigurationPlatforms) = postSolution
		{3593818E-2B60-41A8-B5BA-DE479B6A5D51}.Debug|Any CPU.ActiveCfg = Debug|Any CPU
		{3593818E-2B60-41A8-B5BA-DE479B6A5D51}.Debug|Any CPU.Build.0 = Debug|Any CPU
		{3593818E-2B60-41A8-B5BA-DE479B6A5D51}.Release|Any CPU.ActiveCfg = Release|Any CPU
		{3593818E-2B60-41A8-B5BA-DE479B6A5D51}.Release|Any CPU.Build.0 = Release|Any CPU
		{CD0718D0-4A31-4034-8E86-1C538A2FF0AD}.Debug|Any CPU.ActiveCfg = Debug|Any CPU
		{CD0718D0-4A31-4034-8E86-1C538A2FF0AD}.Debug|Any CPU.Build.0 = Debug|Any CPU
		{CD0718D0-4A31-4034-8E86-1C538A2FF0AD}.Release|Any CPU.ActiveCfg = Release|Any CPU
		{CD0718D0-4A31-4034-8E86-1C538A2FF0AD}.Release|Any CPU.Build.0 = Release|Any CPU
		{81A7247F-F729-49B4-AB99-1B0AB09FB56E}.Debug|Any CPU.ActiveCfg = Debug|Any CPU
		{81A7247F-F729-49B4-AB99-1B0AB09FB56E}.Debug|Any CPU.Build.0 = Debug|Any CPU
		{81A7247F-F729-49B4-AB99-1B0AB09FB56E}.Release|Any CPU.ActiveCfg = Release|Any CPU
		{81A7247F-F729-49B4-AB99-1B0AB09FB56E}.Release|Any CPU.Build.0 = Release|Any CPU
		{C87136D6-10A1-4AEA-82E6-E6A31B0362B6}.Debug|Any CPU.ActiveCfg = Debug|Any CPU
		{C87136D6-10A1-4AEA-82E6-E6A31B0362B6}.Debug|Any CPU.Build.0 = Debug|Any CPU
		{C87136D6-10A1-4AEA-82E6-E6A31B0362B6}.Release|Any CPU.ActiveCfg = Release|Any CPU
		{C87136D6-10A1-4AEA-82E6-E6A31B0362B6}.Release|Any CPU.Build.0 = Release|Any CPU
		{43A163FE-1F62-4AC5-8332-4462EC8308E1}.Debug|Any CPU.ActiveCfg = Debug|Any CPU
		{43A163FE-1F62-4AC5-8332-4462EC8308E1}.Debug|Any CPU.Build.0 = Debug|Any CPU
		{43A163FE-1F62-4AC5-8332-4462EC8308E1}.Release|Any CPU.ActiveCfg = Release|Any CPU
		{43A163FE-1F62-4AC5-8332-4462EC8308E1}.Release|Any CPU.Build.0 = Release|Any CPU
		{B6CFE2D2-A837-4877-B130-F8E963EDEBA5}.Debug|Any CPU.ActiveCfg = Debug|Any CPU
		{B6CFE2D2-A837-4877-B130-F8E963EDEBA5}.Debug|Any CPU.Build.0 = Debug|Any CPU
		{B6CFE2D2-A837-4877-B130-F8E963EDEBA5}.Release|Any CPU.ActiveCfg = Release|Any CPU
		{B6CFE2D2-A837-4877-B130-F8E963EDEBA5}.Release|Any CPU.Build.0 = Release|Any CPU
		{1491985F-E6DD-4A02-ACC6-5586B484747A}.Debug|Any CPU.ActiveCfg = Debug|Any CPU
		{1491985F-E6DD-4A02-ACC6-5586B484747A}.Debug|Any CPU.Build.0 = Debug|Any CPU
		{1491985F-E6DD-4A02-ACC6-5586B484747A}.Release|Any CPU.ActiveCfg = Release|Any CPU
		{1491985F-E6DD-4A02-ACC6-5586B484747A}.Release|Any CPU.Build.0 = Release|Any CPU
		{E8317F20-DFC3-4990-94A7-A5F728FB04EE}.Debug|Any CPU.ActiveCfg = Debug|Any CPU
		{E8317F20-DFC3-4990-94A7-A5F728FB04EE}.Debug|Any CPU.Build.0 = Debug|Any CPU
		{E8317F20-DFC3-4990-94A7-A5F728FB04EE}.Release|Any CPU.ActiveCfg = Release|Any CPU
		{E8317F20-DFC3-4990-94A7-A5F728FB04EE}.Release|Any CPU.Build.0 = Release|Any CPU
		{E3F19180-19F1-400E-B80E-0E495D83E714}.Debug|Any CPU.ActiveCfg = Debug|Any CPU
		{E3F19180-19F1-400E-B80E-0E495D83E714}.Debug|Any CPU.Build.0 = Debug|Any CPU
		{E3F19180-19F1-400E-B80E-0E495D83E714}.Release|Any CPU.ActiveCfg = Release|Any CPU
		{E3F19180-19F1-400E-B80E-0E495D83E714}.Release|Any CPU.Build.0 = Release|Any CPU
		{B1DAF45B-F0A9-4CC0-99BB-024F5484C1FE}.Debug|Any CPU.ActiveCfg = Debug|Any CPU
		{B1DAF45B-F0A9-4CC0-99BB-024F5484C1FE}.Debug|Any CPU.Build.0 = Debug|Any CPU
		{B1DAF45B-F0A9-4CC0-99BB-024F5484C1FE}.Release|Any CPU.ActiveCfg = Release|Any CPU
		{B1DAF45B-F0A9-4CC0-99BB-024F5484C1FE}.Release|Any CPU.Build.0 = Release|Any CPU
	EndGlobalSection
	GlobalSection(SolutionProperties) = preSolution
		HideSolutionNode = FALSE
	EndGlobalSection
	GlobalSection(NestedProjects) = preSolution
		{A8C3FB34-553C-47CC-89C0-9A5BD4D6E6BF} = {7608C9C7-6EDF-47C0-ACF7-B3C60F910AEC}
		{4641630F-F7EA-4917-9F94-8C715B5F2DC1} = {7608C9C7-6EDF-47C0-ACF7-B3C60F910AEC}
		{B6CFE2D2-A837-4877-B130-F8E963EDEBA5} = {4641630F-F7EA-4917-9F94-8C715B5F2DC1}
		{1491985F-E6DD-4A02-ACC6-5586B484747A} = {4641630F-F7EA-4917-9F94-8C715B5F2DC1}
		{E8317F20-DFC3-4990-94A7-A5F728FB04EE} = {A8C3FB34-553C-47CC-89C0-9A5BD4D6E6BF}
		{E3F19180-19F1-400E-B80E-0E495D83E714} = {A8C3FB34-553C-47CC-89C0-9A5BD4D6E6BF}
		{B1DAF45B-F0A9-4CC0-99BB-024F5484C1FE} = {4631A604-FA46-4F53-8E72-E4BC07A91F9F}
	EndGlobalSection
EndGlobal
